
Microsoft Visual Studio Solution File, Format Version 12.00
# Visual Studio Version 17
VisualStudioVersion = 17.14.36511.14
MinimumVisualStudioVersion = 10.0.40219.1
Project("{2150E333-8FDC-42A3-9474-1A3956D46DE8}") = "src", "src", "{02EA681E-C7D8-13C7-8484-4AC65E1B71E8}"
EndProject
Project("{FAE04EC0-301F-11D3-BF4B-00C04F79EFBC}") = "CodeSparkNET.Application", "src\CodeSparkNET.Application\CodeSparkNET.Application.csproj", "{596729C7-C1FA-598B-C39E-3B97D9A6140F}"
EndProject
Project("{FAE04EC0-301F-11D3-BF4B-00C04F79EFBC}") = "CodeSparkNET.Domain", "src\CodeSparkNET.Domain\CodeSparkNET.Domain.csproj", "{B41B5588-ACE4-0754-6CC7-ED1927AEDEA1}"
EndProject
Project("{FAE04EC0-301F-11D3-BF4B-00C04F79EFBC}") = "CodeSparkNET.Infrastructure", "src\CodeSparkNET.Infrastructure.MSSQL\CodeSparkNET.Infrastructure.csproj", "{1B86215F-3C41-94C6-0C7C-8E65CDF21969}"
EndProject
Project("{2150E333-8FDC-42A3-9474-1A3956D46DE8}") = "tests", "tests", "{A3125D80-44CC-4B76-8A79-142B8F1603BF}"
EndProject
Project("{FAE04EC0-301F-11D3-BF4B-00C04F79EFBC}") = "CodeSparkNET.Tests", "CodeSparkNET.Tests\CodeSparkNET.Tests.csproj", "{6AC0C16D-91D8-4D87-8A5B-166182A0660B}"
EndProject
Project("{FAE04EC0-301F-11D3-BF4B-00C04F79EFBC}") = "CodeSparkNET.WEB", "src\CodeSparkNET.API\CodeSparkNET.WEB.csproj", "{49B0D0FB-FC53-2083-532C-B4076138951F}"
EndProject
Project("{FAE04EC0-301F-11D3-BF4B-00C04F79EFBC}") = "CodeSparkNET.API", "CodeSparkNET.API\CodeSparkNET.API.csproj", "{B14753A4-CA5D-4426-8AE1-D654F051405F}"
EndProject
Global
	GlobalSection(SolutionConfigurationPlatforms) = preSolution
		Debug|Any CPU = Debug|Any CPU
		Release|Any CPU = Release|Any CPU
	EndGlobalSection
	GlobalSection(ProjectConfigurationPlatforms) = postSolution
		{596729C7-C1FA-598B-C39E-3B97D9A6140F}.Debug|Any CPU.ActiveCfg = Debug|Any CPU
		{596729C7-C1FA-598B-C39E-3B97D9A6140F}.Debug|Any CPU.Build.0 = Debug|Any CPU
		{596729C7-C1FA-598B-C39E-3B97D9A6140F}.Release|Any CPU.ActiveCfg = Release|Any CPU
		{596729C7-C1FA-598B-C39E-3B97D9A6140F}.Release|Any CPU.Build.0 = Release|Any CPU
		{B41B5588-ACE4-0754-6CC7-ED1927AEDEA1}.Debug|Any CPU.ActiveCfg = Debug|Any CPU
		{B41B5588-ACE4-0754-6CC7-ED1927AEDEA1}.Debug|Any CPU.Build.0 = Debug|Any CPU
		{B41B5588-ACE4-0754-6CC7-ED1927AEDEA1}.Release|Any CPU.ActiveCfg = Release|Any CPU
		{B41B5588-ACE4-0754-6CC7-ED1927AEDEA1}.Release|Any CPU.Build.0 = Release|Any CPU
		{1B86215F-3C41-94C6-0C7C-8E65CDF21969}.Debug|Any CPU.ActiveCfg = Debug|Any CPU
		{1B86215F-3C41-94C6-0C7C-8E65CDF21969}.Debug|Any CPU.Build.0 = Debug|Any CPU
		{1B86215F-3C41-94C6-0C7C-8E65CDF21969}.Release|Any CPU.ActiveCfg = Release|Any CPU
		{1B86215F-3C41-94C6-0C7C-8E65CDF21969}.Release|Any CPU.Build.0 = Release|Any CPU
		{6AC0C16D-91D8-4D87-8A5B-166182A0660B}.Debug|Any CPU.ActiveCfg = Debug|Any CPU
		{6AC0C16D-91D8-4D87-8A5B-166182A0660B}.Debug|Any CPU.Build.0 = Debug|Any CPU
		{6AC0C16D-91D8-4D87-8A5B-166182A0660B}.Release|Any CPU.ActiveCfg = Release|Any CPU
		{6AC0C16D-91D8-4D87-8A5B-166182A0660B}.Release|Any CPU.Build.0 = Release|Any CPU
		{49B0D0FB-FC53-2083-532C-B4076138951F}.Debug|Any CPU.ActiveCfg = Debug|Any CPU
		{49B0D0FB-FC53-2083-532C-B4076138951F}.Debug|Any CPU.Build.0 = Debug|Any CPU
		{49B0D0FB-FC53-2083-532C-B4076138951F}.Release|Any CPU.ActiveCfg = Release|Any CPU
		{49B0D0FB-FC53-2083-532C-B4076138951F}.Release|Any CPU.Build.0 = Release|Any CPU
		{B14753A4-CA5D-4426-8AE1-D654F051405F}.Debug|Any CPU.ActiveCfg = Debug|Any CPU
		{B14753A4-CA5D-4426-8AE1-D654F051405F}.Debug|Any CPU.Build.0 = Debug|Any CPU
		{B14753A4-CA5D-4426-8AE1-D654F051405F}.Release|Any CPU.ActiveCfg = Release|Any CPU
		{B14753A4-CA5D-4426-8AE1-D654F051405F}.Release|Any CPU.Build.0 = Release|Any CPU
	EndGlobalSection
	GlobalSection(SolutionProperties) = preSolution
		HideSolutionNode = FALSE
	EndGlobalSection
	GlobalSection(NestedProjects) = preSolution
		{596729C7-C1FA-598B-C39E-3B97D9A6140F} = {02EA681E-C7D8-13C7-8484-4AC65E1B71E8}
		{B41B5588-ACE4-0754-6CC7-ED1927AEDEA1} = {02EA681E-C7D8-13C7-8484-4AC65E1B71E8}
		{1B86215F-3C41-94C6-0C7C-8E65CDF21969} = {02EA681E-C7D8-13C7-8484-4AC65E1B71E8}
		{6AC0C16D-91D8-4D87-8A5B-166182A0660B} = {A3125D80-44CC-4B76-8A79-142B8F1603BF}
		{49B0D0FB-FC53-2083-532C-B4076138951F} = {02EA681E-C7D8-13C7-8484-4AC65E1B71E8}
	EndGlobalSection
	GlobalSection(ExtensibilityGlobals) = postSolution
		SolutionGuid = {ABA1D39E-A0EB-48AB-9454-31E04A7D0E10}
	EndGlobalSection
EndGlobal
